
Microsoft Visual Studio Solution File, Format Version 12.00
# Visual Studio Version 17
VisualStudioVersion = 17.9.34622.214
MinimumVisualStudioVersion = 10.0.40219.1
Project("{FAE04EC0-301F-11D3-BF4B-00C04F79EFBC}") = "Albergo", "Albergo\Albergo.csproj", "{AE2C06C7-8D5B-443B-9D52-CB7D917EB9D9}"
EndProject
Global
	GlobalSection(SolutionConfigurationPlatforms) = preSolution
		Debug|Any CPU = Debug|Any CPU
		Release|Any CPU = Release|Any CPU
	EndGlobalSection
	GlobalSection(ProjectConfigurationPlatforms) = postSolution
		{AE2C06C7-8D5B-443B-9D52-CB7D917EB9D9}.Debug|Any CPU.ActiveCfg = Debug|Any CPU
		{AE2C06C7-8D5B-443B-9D52-CB7D917EB9D9}.Debug|Any CPU.Build.0 = Debug|Any CPU
		{AE2C06C7-8D5B-443B-9D52-CB7D917EB9D9}.Release|Any CPU.ActiveCfg = Release|Any CPU
		{AE2C06C7-8D5B-443B-9D52-CB7D917EB9D9}.Release|Any CPU.Build.0 = Release|Any CPU
	EndGlobalSection
	GlobalSection(SolutionProperties) = preSolution
		HideSolutionNode = FALSE
	EndGlobalSection
	GlobalSection(ExtensibilityGlobals) = postSolution
		SolutionGuid = {FBC1C753-28A3-4E3B-A921-9ADF546F275C}
	EndGlobalSection
EndGlobal
